
Microsoft Visual Studio Solution File, Format Version 12.00
# Visual Studio Version 17
VisualStudioVersion = 17.0.31903.59
MinimumVisualStudioVersion = 10.0.40219.1
Project("{FAE04EC0-301F-11D3-BF4B-00C04F79EFBC}") = "AirlineApp.Domain", "AirlineApp.Domain\AirlineApp.Domain.csproj", "{2A7EAEA7-0747-40C0-9AEA-1BF80EDD0CBB}"
EndProject
Project("{FAE04EC0-301F-11D3-BF4B-00C04F79EFBC}") = "AirlineApp.Tests", "AirlineApp.Tests\AirlineApp.Tests.csproj", "{80D0B410-E8BC-4370-AA7F-6AC591E68327}"
EndProject
Global
	GlobalSection(SolutionConfigurationPlatforms) = preSolution
		Debug|Any CPU = Debug|Any CPU
		Release|Any CPU = Release|Any CPU
	EndGlobalSection
	GlobalSection(ProjectConfigurationPlatforms) = postSolution
		{2A7EAEA7-0747-40C0-9AEA-1BF80EDD0CBB}.Debug|Any CPU.ActiveCfg = Debug|Any CPU
		{2A7EAEA7-0747-40C0-9AEA-1BF80EDD0CBB}.Debug|Any CPU.Build.0 = Debug|Any CPU
		{2A7EAEA7-0747-40C0-9AEA-1BF80EDD0CBB}.Release|Any CPU.ActiveCfg = Release|Any CPU
		{2A7EAEA7-0747-40C0-9AEA-1BF80EDD0CBB}.Release|Any CPU.Build.0 = Release|Any CPU
		{80D0B410-E8BC-4370-AA7F-6AC591E68327}.Debug|Any CPU.ActiveCfg = Debug|Any CPU
		{80D0B410-E8BC-4370-AA7F-6AC591E68327}.Debug|Any CPU.Build.0 = Debug|Any CPU
		{80D0B410-E8BC-4370-AA7F-6AC591E68327}.Release|Any CPU.ActiveCfg = Release|Any CPU
		{80D0B410-E8BC-4370-AA7F-6AC591E68327}.Release|Any CPU.Build.0 = Release|Any CPU
	EndGlobalSection
	GlobalSection(SolutionProperties) = preSolution
		HideSolutionNode = FALSE
	EndGlobalSection
	GlobalSection(ExtensibilityGlobals) = postSolution
		SolutionGuid = {FFD79B5D-32A9-41D1-B61D-E7A7EC4C8FCA}
	EndGlobalSection
EndGlobal
