
Microsoft Visual Studio Solution File, Format Version 12.00
# Visual Studio Version 17
VisualStudioVersion = 17.0.31903.59
MinimumVisualStudioVersion = 10.0.40219.1
Project("{FAE04EC0-301F-11D3-BF4B-00C04F79EFBC}") = "AirlineApp.Domain", "Airline.Domain\AirlineApp.Domain.csproj", "{50AC3CD9-2FE4-4A94-AD39-E688BB17D78F}"
EndProject
Global
	GlobalSection(SolutionConfigurationPlatforms) = preSolution
		Debug|Any CPU = Debug|Any CPU
		Release|Any CPU = Release|Any CPU
	EndGlobalSection
	GlobalSection(ProjectConfigurationPlatforms) = postSolution
		{50AC3CD9-2FE4-4A94-AD39-E688BB17D78F}.Debug|Any CPU.ActiveCfg = Debug|Any CPU
		{50AC3CD9-2FE4-4A94-AD39-E688BB17D78F}.Debug|Any CPU.Build.0 = Debug|Any CPU
		{50AC3CD9-2FE4-4A94-AD39-E688BB17D78F}.Release|Any CPU.ActiveCfg = Release|Any CPU
		{50AC3CD9-2FE4-4A94-AD39-E688BB17D78F}.Release|Any CPU.Build.0 = Release|Any CPU
	EndGlobalSection
	GlobalSection(SolutionProperties) = preSolution
		HideSolutionNode = FALSE
	EndGlobalSection
	GlobalSection(ExtensibilityGlobals) = postSolution
		SolutionGuid = {1025BD6E-DE7D-4C76-A5FC-A7BE6B36D872}
	EndGlobalSection
EndGlobal
